
Microsoft Visual Studio Solution File, Format Version 12.00
# Visual Studio Version 17
VisualStudioVersion = 17.11.35327.3
MinimumVisualStudioVersion = 10.0.40219.1
Project("{FAE04EC0-301F-11D3-BF4B-00C04F79EFBC}") = "ConsoleApp2", "ConsoleApp2\ConsoleApp2.csproj", "{1B7E1602-38D7-4C3B-A6D4-3329DE7F599E}"
EndProject
Project("{FAE04EC0-301F-11D3-BF4B-00C04F79EFBC}") = "WinFormsApp1", "WinFormsApp1\WinFormsApp1.csproj", "{DBAA25BA-161E-4DCA-9476-C14A3249D861}"
EndProject
Global
	GlobalSection(SolutionConfigurationPlatforms) = preSolution
		Debug|Any CPU = Debug|Any CPU
		Release|Any CPU = Release|Any CPU
	EndGlobalSection
	GlobalSection(ProjectConfigurationPlatforms) = postSolution
		{1B7E1602-38D7-4C3B-A6D4-3329DE7F599E}.Debug|Any CPU.ActiveCfg = Debug|Any CPU
		{1B7E1602-38D7-4C3B-A6D4-3329DE7F599E}.Debug|Any CPU.Build.0 = Debug|Any CPU
		{1B7E1602-38D7-4C3B-A6D4-3329DE7F599E}.Release|Any CPU.ActiveCfg = Release|Any CPU
		{1B7E1602-38D7-4C3B-A6D4-3329DE7F599E}.Release|Any CPU.Build.0 = Release|Any CPU
		{DBAA25BA-161E-4DCA-9476-C14A3249D861}.Debug|Any CPU.ActiveCfg = Debug|Any CPU
		{DBAA25BA-161E-4DCA-9476-C14A3249D861}.Debug|Any CPU.Build.0 = Debug|Any CPU
		{DBAA25BA-161E-4DCA-9476-C14A3249D861}.Release|Any CPU.ActiveCfg = Release|Any CPU
		{DBAA25BA-161E-4DCA-9476-C14A3249D861}.Release|Any CPU.Build.0 = Release|Any CPU
	EndGlobalSection
	GlobalSection(SolutionProperties) = preSolution
		HideSolutionNode = FALSE
	EndGlobalSection
	GlobalSection(ExtensibilityGlobals) = postSolution
		SolutionGuid = {5DD22C4E-FE78-4509-9543-1546ED703892}
	EndGlobalSection
EndGlobal
